// !$*UTF8*$!
{
	archiveVersion = 1;
	classes = {
	};
	objectVersion = 50;
	objects = {

/* Begin PBXBuildFile section */
		AC876018235412F100AE91B3 /* AppDelegate.swift in Sources */ = {isa = PBXBuildFile; fileRef = AC876017235412F100AE91B3 /* AppDelegate.swift */; };
		AC87601A235412F100AE91B3 /* SceneDelegate.swift in Sources */ = {isa = PBXBuildFile; fileRef = AC876019235412F100AE91B3 /* SceneDelegate.swift */; };
		AC87601C235412F100AE91B3 /* ViewController.swift in Sources */ = {isa = PBXBuildFile; fileRef = AC87601B235412F100AE91B3 /* ViewController.swift */; };
		AC87601F235412F100AE91B3 /* Main.storyboard in Resources */ = {isa = PBXBuildFile; fileRef = AC87601D235412F100AE91B3 /* Main.storyboard */; };
		AC876021235412F300AE91B3 /* Assets.xcassets in Resources */ = {isa = PBXBuildFile; fileRef = AC876020235412F300AE91B3 /* Assets.xcassets */; };
		AC876024235412F300AE91B3 /* LaunchScreen.storyboard in Resources */ = {isa = PBXBuildFile; fileRef = AC876022235412F300AE91B3 /* LaunchScreen.storyboard */; };
		AC87602F235412F400AE91B3 /* TipCalculatorTests.swift in Sources */ = {isa = PBXBuildFile; fileRef = AC87602E235412F400AE91B3 /* TipCalculatorTests.swift */; };
		AC87603A235412F400AE91B3 /* TipCalculatorUITests.swift in Sources */ = {isa = PBXBuildFile; fileRef = AC876039235412F400AE91B3 /* TipCalculatorUITests.swift */; };
		AC876049235416B700AE91B3 /* tipCalc.swift in Sources */ = {isa = PBXBuildFile; fileRef = AC876048235416B700AE91B3 /* tipCalc.swift */; };
/* End PBXBuildFile section */

/* Begin PBXContainerItemProxy section */
		AC87602B235412F400AE91B3 /* PBXContainerItemProxy */ = {
			isa = PBXContainerItemProxy;
			containerPortal = AC87600C235412F100AE91B3 /* Project object */;
			proxyType = 1;
			remoteGlobalIDString = AC876013235412F100AE91B3;
			remoteInfo = TipCalculator;
		};
		AC876036235412F400AE91B3 /* PBXContainerItemProxy */ = {
			isa = PBXContainerItemProxy;
			containerPortal = AC87600C235412F100AE91B3 /* Project object */;
			proxyType = 1;
			remoteGlobalIDString = AC876013235412F100AE91B3;
			remoteInfo = TipCalculator;
		};
/* End PBXContainerItemProxy section */

/* Begin PBXFileReference section */
		AC876014235412F100AE91B3 /* TipCalculator.app */ = {isa = PBXFileReference; explicitFileType = wrapper.application; includeInIndex = 0; path = TipCalculator.app; sourceTree = BUILT_PRODUCTS_DIR; };
		AC876017235412F100AE91B3 /* AppDelegate.swift */ = {isa = PBXFileReference; lastKnownFileType = sourcecode.swift; path = AppDelegate.swift; sourceTree = "<group>"; };
		AC876019235412F100AE91B3 /* SceneDelegate.swift */ = {isa = PBXFileReference; lastKnownFileType = sourcecode.swift; path = SceneDelegate.swift; sourceTree = "<group>"; };
		AC87601B235412F100AE91B3 /* ViewController.swift */ = {isa = PBXFileReference; lastKnownFileType = sourcecode.swift; path = ViewController.swift; sourceTree = "<group>"; };
		AC87601E235412F100AE91B3 /* Base */ = {isa = PBXFileReference; lastKnownFileType = file.storyboard; name = Base; path = Base.lproj/Main.storyboard; sourceTree = "<group>"; };
		AC876020235412F300AE91B3 /* Assets.xcassets */ = {isa = PBXFileReference; lastKnownFileType = folder.assetcatalog; path = Assets.xcassets; sourceTree = "<group>"; };
		AC876023235412F300AE91B3 /* Base */ = {isa = PBXFileReference; lastKnownFileType = file.storyboard; name = Base; path = Base.lproj/LaunchScreen.storyboard; sourceTree = "<group>"; };
		AC876025235412F300AE91B3 /* Info.plist */ = {isa = PBXFileReference; lastKnownFileType = text.plist.xml; path = Info.plist; sourceTree = "<group>"; };
		AC87602A235412F400AE91B3 /* TipCalculatorTests.xctest */ = {isa = PBXFileReference; explicitFileType = wrapper.cfbundle; includeInIndex = 0; path = TipCalculatorTests.xctest; sourceTree = BUILT_PRODUCTS_DIR; };
		AC87602E235412F400AE91B3 /* TipCalculatorTests.swift */ = {isa = PBXFileReference; lastKnownFileType = sourcecode.swift; path = TipCalculatorTests.swift; sourceTree = "<group>"; };
		AC876030235412F400AE91B3 /* Info.plist */ = {isa = PBXFileReference; lastKnownFileType = text.plist.xml; path = Info.plist; sourceTree = "<group>"; };
		AC876035235412F400AE91B3 /* TipCalculatorUITests.xctest */ = {isa = PBXFileReference; explicitFileType = wrapper.cfbundle; includeInIndex = 0; path = TipCalculatorUITests.xctest; sourceTree = BUILT_PRODUCTS_DIR; };
		AC876039235412F400AE91B3 /* TipCalculatorUITests.swift */ = {isa = PBXFileReference; lastKnownFileType = sourcecode.swift; path = TipCalculatorUITests.swift; sourceTree = "<group>"; };
		AC87603B235412F400AE91B3 /* Info.plist */ = {isa = PBXFileReference; lastKnownFileType = text.plist.xml; path = Info.plist; sourceTree = "<group>"; };
		AC876048235416B700AE91B3 /* tipCalc.swift */ = {isa = PBXFileReference; lastKnownFileType = sourcecode.swift; path = tipCalc.swift; sourceTree = "<group>"; };
/* End PBXFileReference section */

/* Begin PBXFrameworksBuildPhase section */
		AC876011235412F100AE91B3 /* Frameworks */ = {
			isa = PBXFrameworksBuildPhase;
			buildActionMask = 2147483647;
			files = (
			);
			runOnlyForDeploymentPostprocessing = 0;
		};
		AC876027235412F400AE91B3 /* Frameworks */ = {
			isa = PBXFrameworksBuildPhase;
			buildActionMask = 2147483647;
			files = (
			);
			runOnlyForDeploymentPostprocessing = 0;
		};
		AC876032235412F400AE91B3 /* Frameworks */ = {
			isa = PBXFrameworksBuildPhase;
			buildActionMask = 2147483647;
			files = (
			);
			runOnlyForDeploymentPostprocessing = 0;
		};
/* End PBXFrameworksBuildPhase section */

/* Begin PBXGroup section */
		AC87600B235412F100AE91B3 = {
			isa = PBXGroup;
			children = (
				AC876016235412F100AE91B3 /* TipCalculator */,
				AC87602D235412F400AE91B3 /* TipCalculatorTests */,
				AC876038235412F400AE91B3 /* TipCalculatorUITests */,
				AC876015235412F100AE91B3 /* Products */,
			);
			sourceTree = "<group>";
		};
		AC876015235412F100AE91B3 /* Products */ = {
			isa = PBXGroup;
			children = (
				AC876014235412F100AE91B3 /* TipCalculator.app */,
				AC87602A235412F400AE91B3 /* TipCalculatorTests.xctest */,
				AC876035235412F400AE91B3 /* TipCalculatorUITests.xctest */,
			);
			name = Products;
			sourceTree = "<group>";
		};
		AC876016235412F100AE91B3 /* TipCalculator */ = {
			isa = PBXGroup;
			children = (
				AC87604D23541F8000AE91B3 /* controller */,
				AC876017235412F100AE91B3 /* AppDelegate.swift */,
				AC876019235412F100AE91B3 /* SceneDelegate.swift */,
				AC87601B235412F100AE91B3 /* ViewController.swift */,
				AC8760472354167900AE91B3 /* view */,
				AC876020235412F300AE91B3 /* Assets.xcassets */,
				AC876022235412F300AE91B3 /* LaunchScreen.storyboard */,
				AC87604A235416D000AE91B3 /* model */,
				AC876025235412F300AE91B3 /* Info.plist */,
			);
			path = TipCalculator;
			sourceTree = "<group>";
		};
		AC87602D235412F400AE91B3 /* TipCalculatorTests */ = {
			isa = PBXGroup;
			children = (
				AC87602E235412F400AE91B3 /* TipCalculatorTests.swift */,
				AC876030235412F400AE91B3 /* Info.plist */,
			);
			path = TipCalculatorTests;
			sourceTree = "<group>";
		};
		AC876038235412F400AE91B3 /* TipCalculatorUITests */ = {
			isa = PBXGroup;
			children = (
				AC876039235412F400AE91B3 /* TipCalculatorUITests.swift */,
				AC87603B235412F400AE91B3 /* Info.plist */,
			);
			path = TipCalculatorUITests;
			sourceTree = "<group>";
		};
		AC8760472354167900AE91B3 /* view */ = {
			isa = PBXGroup;
			children = (
				AC87601D235412F100AE91B3 /* Main.storyboard */,
			);
			path = view;
			sourceTree = "<group>";
		};
		AC87604A235416D000AE91B3 /* model */ = {
			isa = PBXGroup;
			children = (
				AC876048235416B700AE91B3 /* tipCalc.swift */,
			);
			path = model;
			sourceTree = "<group>";
		};
		AC87604D23541F8000AE91B3 /* controller */ = {
			isa = PBXGroup;
			children = (
			);
			path = controller;
			sourceTree = "<group>";
		};
/* End PBXGroup section */

/* Begin PBXNativeTarget section */
		AC876013235412F100AE91B3 /* TipCalculator */ = {
			isa = PBXNativeTarget;
			buildConfigurationList = AC87603E235412F400AE91B3 /* Build configuration list for PBXNativeTarget "TipCalculator" */;
			buildPhases = (
				AC876010235412F100AE91B3 /* Sources */,
				AC876011235412F100AE91B3 /* Frameworks */,
				AC876012235412F100AE91B3 /* Resources */,
			);
			buildRules = (
			);
			dependencies = (
			);
			name = TipCalculator;
			productName = TipCalculator;
			productReference = AC876014235412F100AE91B3 /* TipCalculator.app */;
			productType = "com.apple.product-type.application";
		};
		AC876029235412F400AE91B3 /* TipCalculatorTests */ = {
			isa = PBXNativeTarget;
			buildConfigurationList = AC876041235412F400AE91B3 /* Build configuration list for PBXNativeTarget "TipCalculatorTests" */;
			buildPhases = (
				AC876026235412F400AE91B3 /* Sources */,
				AC876027235412F400AE91B3 /* Frameworks */,
				AC876028235412F400AE91B3 /* Resources */,
			);
			buildRules = (
			);
			dependencies = (
				AC87602C235412F400AE91B3 /* PBXTargetDependency */,
			);
			name = TipCalculatorTests;
			productName = TipCalculatorTests;
			productReference = AC87602A235412F400AE91B3 /* TipCalculatorTests.xctest */;
			productType = "com.apple.product-type.bundle.unit-test";
		};
		AC876034235412F400AE91B3 /* TipCalculatorUITests */ = {
			isa = PBXNativeTarget;
			buildConfigurationList = AC876044235412F400AE91B3 /* Build configuration list for PBXNativeTarget "TipCalculatorUITests" */;
			buildPhases = (
				AC876031235412F400AE91B3 /* Sources */,
				AC876032235412F400AE91B3 /* Frameworks */,
				AC876033235412F400AE91B3 /* Resources */,
			);
			buildRules = (
			);
			dependencies = (
				AC876037235412F400AE91B3 /* PBXTargetDependency */,
			);
			name = TipCalculatorUITests;
			productName = TipCalculatorUITests;
			productReference = AC876035235412F400AE91B3 /* TipCalculatorUITests.xctest */;
			productType = "com.apple.product-type.bundle.ui-testing";
		};
/* End PBXNativeTarget section */

/* Begin PBXProject section */
		AC87600C235412F100AE91B3 /* Project object */ = {
			isa = PBXProject;
			attributes = {
				LastSwiftUpdateCheck = 1110;
				LastUpgradeCheck = 1110;
				ORGANIZATIONNAME = "Tadiwa Mangadze";
				TargetAttributes = {
					AC876013235412F100AE91B3 = {
						CreatedOnToolsVersion = 11.1;
					};
					AC876029235412F400AE91B3 = {
						CreatedOnToolsVersion = 11.1;
						TestTargetID = AC876013235412F100AE91B3;
					};
					AC876034235412F400AE91B3 = {
						CreatedOnToolsVersion = 11.1;
						TestTargetID = AC876013235412F100AE91B3;
					};
				};
			};
			buildConfigurationList = AC87600F235412F100AE91B3 /* Build configuration list for PBXProject "TipCalculator" */;
			compatibilityVersion = "Xcode 9.3";
			developmentRegion = en;
			hasScannedForEncodings = 0;
			knownRegions = (
				en,
				Base,
			);
			mainGroup = AC87600B235412F100AE91B3;
			productRefGroup = AC876015235412F100AE91B3 /* Products */;
			projectDirPath = "";
			projectRoot = "";
			targets = (
				AC876013235412F100AE91B3 /* TipCalculator */,
				AC876029235412F400AE91B3 /* TipCalculatorTests */,
				AC876034235412F400AE91B3 /* TipCalculatorUITests */,
			);
		};
/* End PBXProject section */

/* Begin PBXResourcesBuildPhase section */
		AC876012235412F100AE91B3 /* Resources */ = {
			isa = PBXResourcesBuildPhase;
			buildActionMask = 2147483647;
			files = (
				AC876024235412F300AE91B3 /* LaunchScreen.storyboard in Resources */,
				AC876021235412F300AE91B3 /* Assets.xcassets in Resources */,
				AC87601F235412F100AE91B3 /* Main.storyboard in Resources */,
			);
			runOnlyForDeploymentPostprocessing = 0;
		};
		AC876028235412F400AE91B3 /* Resources */ = {
			isa = PBXResourcesBuildPhase;
			buildActionMask = 2147483647;
			files = (
			);
			runOnlyForDeploymentPostprocessing = 0;
		};
		AC876033235412F400AE91B3 /* Resources */ = {
			isa = PBXResourcesBuildPhase;
			buildActionMask = 2147483647;
			files = (
			);
			runOnlyForDeploymentPostprocessing = 0;
		};
/* End PBXResourcesBuildPhase section */

/* Begin PBXSourcesBuildPhase section */
		AC876010235412F100AE91B3 /* Sources */ = {
			isa = PBXSourcesBuildPhase;
			buildActionMask = 2147483647;
			files = (
				AC876049235416B700AE91B3 /* tipCalc.swift in Sources */,
				AC87601C235412F100AE91B3 /* ViewController.swift in Sources */,
				AC876018235412F100AE91B3 /* AppDelegate.swift in Sources */,
				AC87601A235412F100AE91B3 /* SceneDelegate.swift in Sources */,
			);
			runOnlyForDeploymentPostprocessing = 0;
		};
		AC876026235412F400AE91B3 /* Sources */ = {
			isa = PBXSourcesBuildPhase;
			buildActionMask = 2147483647;
			files = (
				AC87602F235412F400AE91B3 /* TipCalculatorTests.swift in Sources */,
			);
			runOnlyForDeploymentPostprocessing = 0;
		};
		AC876031235412F400AE91B3 /* Sources */ = {
			isa = PBXSourcesBuildPhase;
			buildActionMask = 2147483647;
			files = (
				AC87603A235412F400AE91B3 /* TipCalculatorUITests.swift in Sources */,
			);
			runOnlyForDeploymentPostprocessing = 0;
		};
/* End PBXSourcesBuildPhase section */

/* Begin PBXTargetDependency section */
		AC87602C235412F400AE91B3 /* PBXTargetDependency */ = {
			isa = PBXTargetDependency;
			target = AC876013235412F100AE91B3 /* TipCalculator */;
			targetProxy = AC87602B235412F400AE91B3 /* PBXContainerItemProxy */;
		};
		AC876037235412F400AE91B3 /* PBXTargetDependency */ = {
			isa = PBXTargetDependency;
			target = AC876013235412F100AE91B3 /* TipCalculator */;
			targetProxy = AC876036235412F400AE91B3 /* PBXContainerItemProxy */;
		};
/* End PBXTargetDependency section */

/* Begin PBXVariantGroup section */
		AC87601D235412F100AE91B3 /* Main.storyboard */ = {
			isa = PBXVariantGroup;
			children = (
				AC87601E235412F100AE91B3 /* Base */,
			);
			name = Main.storyboard;
			sourceTree = "<group>";
		};
		AC876022235412F300AE91B3 /* LaunchScreen.storyboard */ = {
			isa = PBXVariantGroup;
			children = (
				AC876023235412F300AE91B3 /* Base */,
			);
			name = LaunchScreen.storyboard;
			sourceTree = "<group>";
		};
/* End PBXVariantGroup section */

/* Begin XCBuildConfiguration section */
		AC87603C235412F400AE91B3 /* Debug */ = {
			isa = XCBuildConfiguration;
			buildSettings = {
				ALWAYS_SEARCH_USER_PATHS = NO;
				CLANG_ANALYZER_NONNULL = YES;
				CLANG_ANALYZER_NUMBER_OBJECT_CONVERSION = YES_AGGRESSIVE;
				CLANG_CXX_LANGUAGE_STANDARD = "gnu++14";
				CLANG_CXX_LIBRARY = "libc++";
				CLANG_ENABLE_MODULES = YES;
				CLANG_ENABLE_OBJC_ARC = YES;
				CLANG_ENABLE_OBJC_WEAK = YES;
				CLANG_WARN_BLOCK_CAPTURE_AUTORELEASING = YES;
				CLANG_WARN_BOOL_CONVERSION = YES;
				CLANG_WARN_COMMA = YES;
				CLANG_WARN_CONSTANT_CONVERSION = YES;
				CLANG_WARN_DEPRECATED_OBJC_IMPLEMENTATIONS = YES;
				CLANG_WARN_DIRECT_OBJC_ISA_USAGE = YES_ERROR;
				CLANG_WARN_DOCUMENTATION_COMMENTS = YES;
				CLANG_WARN_EMPTY_BODY = YES;
				CLANG_WARN_ENUM_CONVERSION = YES;
				CLANG_WARN_INFINITE_RECURSION = YES;
				CLANG_WARN_INT_CONVERSION = YES;
				CLANG_WARN_NON_LITERAL_NULL_CONVERSION = YES;
				CLANG_WARN_OBJC_IMPLICIT_RETAIN_SELF = YES;
				CLANG_WARN_OBJC_LITERAL_CONVERSION = YES;
				CLANG_WARN_OBJC_ROOT_CLASS = YES_ERROR;
				CLANG_WARN_RANGE_LOOP_ANALYSIS = YES;
				CLANG_WARN_STRICT_PROTOTYPES = YES;
				CLANG_WARN_SUSPICIOUS_MOVE = YES;
				CLANG_WARN_UNGUARDED_AVAILABILITY = YES_AGGRESSIVE;
				CLANG_WARN_UNREACHABLE_CODE = YES;
				CLANG_WARN__DUPLICATE_METHOD_MATCH = YES;
				COPY_PHASE_STRIP = NO;
				DEBUG_INFORMATION_FORMAT = dwarf;
				ENABLE_STRICT_OBJC_MSGSEND = YES;
				ENABLE_TESTABILITY = YES;
				GCC_C_LANGUAGE_STANDARD = gnu11;
				GCC_DYNAMIC_NO_PIC = NO;
				GCC_NO_COMMON_BLOCKS = YES;
				GCC_OPTIMIZATION_LEVEL = 0;
				GCC_PREPROCESSOR_DEFINITIONS = (
					"DEBUG=1",
					"$(inherited)",
				);
				GCC_WARN_64_TO_32_BIT_CONVERSION = YES;
				GCC_WARN_ABOUT_RETURN_TYPE = YES_ERROR;
				GCC_WARN_UNDECLARED_SELECTOR = YES;
				GCC_WARN_UNINITIALIZED_AUTOS = YES_AGGRESSIVE;
				GCC_WARN_UNUSED_FUNCTION = YES;
				GCC_WARN_UNUSED_VARIABLE = YES;
				IPHONEOS_DEPLOYMENT_TARGET = 13.1;
				MTL_ENABLE_DEBUG_INFO = INCLUDE_SOURCE;
				MTL_FAST_MATH = YES;
				ONLY_ACTIVE_ARCH = YES;
				SDKROOT = iphoneos;
				SWIFT_ACTIVE_COMPILATION_CONDITIONS = DEBUG;
				SWIFT_OPTIMIZATION_LEVEL = "-Onone";
			};
			name = Debug;
		};
		AC87603D235412F400AE91B3 /* Release */ = {
			isa = XCBuildConfiguration;
			buildSettings = {
				ALWAYS_SEARCH_USER_PATHS = NO;
				CLANG_ANALYZER_NONNULL = YES;
				CLANG_ANALYZER_NUMBER_OBJECT_CONVERSION = YES_AGGRESSIVE;
				CLANG_CXX_LANGUAGE_STANDARD = "gnu++14";
				CLANG_CXX_LIBRARY = "libc++";
				CLANG_ENABLE_MODULES = YES;
				CLANG_ENABLE_OBJC_ARC = YES;
				CLANG_ENABLE_OBJC_WEAK = YES;
				CLANG_WARN_BLOCK_CAPTURE_AUTORELEASING = YES;
				CLANG_WARN_BOOL_CONVERSION = YES;
				CLANG_WARN_COMMA = YES;
				CLANG_WARN_CONSTANT_CONVERSION = YES;
				CLANG_WARN_DEPRECATED_OBJC_IMPLEMENTATIONS = YES;
				CLANG_WARN_DIRECT_OBJC_ISA_USAGE = YES_ERROR;
				CLANG_WARN_DOCUMENTATION_COMMENTS = YES;
				CLANG_WARN_EMPTY_BODY = YES;
				CLANG_WARN_ENUM_CONVERSION = YES;
				CLANG_WARN_INFINITE_RECURSION = YES;
				CLANG_WARN_INT_CONVERSION = YES;
				CLANG_WARN_NON_LITERAL_NULL_CONVERSION = YES;
				CLANG_WARN_OBJC_IMPLICIT_RETAIN_SELF = YES;
				CLANG_WARN_OBJC_LITERAL_CONVERSION = YES;
				CLANG_WARN_OBJC_ROOT_CLASS = YES_ERROR;
				CLANG_WARN_RANGE_LOOP_ANALYSIS = YES;
				CLANG_WARN_STRICT_PROTOTYPES = YES;
				CLANG_WARN_SUSPICIOUS_MOVE = YES;
				CLANG_WARN_UNGUARDED_AVAILABILITY = YES_AGGRESSIVE;
				CLANG_WARN_UNREACHABLE_CODE = YES;
				CLANG_WARN__DUPLICATE_METHOD_MATCH = YES;
				COPY_PHASE_STRIP = NO;
				DEBUG_INFORMATION_FORMAT = "dwarf-with-dsym";
				ENABLE_NS_ASSERTIONS = NO;
				ENABLE_STRICT_OBJC_MSGSEND = YES;
				GCC_C_LANGUAGE_STANDARD = gnu11;
				GCC_NO_COMMON_BLOCKS = YES;
				GCC_WARN_64_TO_32_BIT_CONVERSION = YES;
				GCC_WARN_ABOUT_RETURN_TYPE = YES_ERROR;
				GCC_WARN_UNDECLARED_SELECTOR = YES;
				GCC_WARN_UNINITIALIZED_AUTOS = YES_AGGRESSIVE;
				GCC_WARN_UNUSED_FUNCTION = YES;
				GCC_WARN_UNUSED_VARIABLE = YES;
				IPHONEOS_DEPLOYMENT_TARGET = 13.1;
				MTL_ENABLE_DEBUG_INFO = NO;
				MTL_FAST_MATH = YES;
				SDKROOT = iphoneos;
				SWIFT_COMPILATION_MODE = wholemodule;
				SWIFT_OPTIMIZATION_LEVEL = "-O";
				VALIDATE_PRODUCT = YES;
			};
			name = Release;
		};
		AC87603F235412F400AE91B3 /* Debug */ = {
			isa = XCBuildConfiguration;
			buildSettings = {
				ASSETCATALOG_COMPILER_APPICON_NAME = AppIcon;
				CODE_SIGN_STYLE = Automatic;
				DEVELOPMENT_TEAM = T2NHB7667K;
				INFOPLIST_FILE = TipCalculator/Info.plist;
				LD_RUNPATH_SEARCH_PATHS = (
					"$(inherited)",
					"@executable_path/Frameworks",
				);
				PRODUCT_BUNDLE_IDENTIFIER = com.Tadiwa.TipCalculator;
				PRODUCT_NAME = "$(TARGET_NAME)";
				SWIFT_VERSION = 5.0;
				TARGETED_DEVICE_FAMILY = "1,2";
			};
			name = Debug;
		};
		AC876040235412F400AE91B3 /* Release */ = {
			isa = XCBuildConfiguration;
			buildSettings = {
				ASSETCATALOG_COMPILER_APPICON_NAME = AppIcon;
				CODE_SIGN_STYLE = Automatic;
				DEVELOPMENT_TEAM = "";
				INFOPLIST_FILE = TipCalculator/Info.plist;
				LD_RUNPATH_SEARCH_PATHS = (
					"$(inherited)",
					"@executable_path/Frameworks",
				);
				PRODUCT_BUNDLE_IDENTIFIER = com.Tadiwa.CalcTip123;
				PRODUCT_NAME = "$(TARGET_NAME)";
				SWIFT_VERSION = 5.0;
				TARGETED_DEVICE_FAMILY = "1,2";
			};
			name = Release;
		};
		AC876042235412F400AE91B3 /* Debug */ = {
			isa = XCBuildConfiguration;
			buildSettings = {
				ALWAYS_EMBED_SWIFT_STANDARD_LIBRARIES = YES;
				BUNDLE_LOADER = "$(TEST_HOST)";
				CODE_SIGN_STYLE = Automatic;
				DEVELOPMENT_TEAM = T2NHB7667K;
				INFOPLIST_FILE = TipCalculatorTests/Info.plist;
				IPHONEOS_DEPLOYMENT_TARGET = 13.1;
				LD_RUNPATH_SEARCH_PATHS = (
					"$(inherited)",
					"@executable_path/Frameworks",
					"@loader_path/Frameworks",
				);
				PRODUCT_BUNDLE_IDENTIFIER = com.Tadiwa.TipCalculatorTests;
				PRODUCT_NAME = "$(TARGET_NAME)";
				SWIFT_VERSION = 5.0;
				TARGETED_DEVICE_FAMILY = "1,2";
				TEST_HOST = "$(BUILT_PRODUCTS_DIR)/TipCalculator.app/TipCalculator";
			};
			name = Debug;
		};
		AC876043235412F400AE91B3 /* Release */ = {
			isa = XCBuildConfiguration;
			buildSettings = {
				ALWAYS_EMBED_SWIFT_STANDARD_LIBRARIES = YES;
				BUNDLE_LOADER = "$(TEST_HOST)";
				CODE_SIGN_STYLE = Automatic;
				DEVELOPMENT_TEAM = T2NHB7667K;
				INFOPLIST_FILE = TipCalculatorTests/Info.plist;
				IPHONEOS_DEPLOYMENT_TARGET = 13.1;
				LD_RUNPATH_SEARCH_PATHS = (
					"$(inherited)",
					"@executable_path/Frameworks",
					"@loader_path/Frameworks",
				);
				PRODUCT_BUNDLE_IDENTIFIER = com.Tadiwa.TipCalculatorTests;
				PRODUCT_NAME = "$(TARGET_NAME)";
				SWIFT_VERSION = 5.0;
				TARGETED_DEVICE_FAMILY = "1,2";
				TEST_HOST = "$(BUILT_PRODUCTS_DIR)/TipCalculator.app/TipCalculator";
			};
			name = Release;
		};
		AC876045235412F400AE91B3 /* Debug */ = {
			isa = XCBuildConfiguration;
			buildSettings = {
				ALWAYS_EMBED_SWIFT_STANDARD_LIBRARIES = YES;
				CODE_SIGN_STYLE = Automatic;
				DEVELOPMENT_TEAM = T2NHB7667K;
				INFOPLIST_FILE = TipCalculatorUITests/Info.plist;
				LD_RUNPATH_SEARCH_PATHS = (
					"$(inherited)",
					"@executable_path/Frameworks",
					"@loader_path/Frameworks",
				);
				PRODUCT_BUNDLE_IDENTIFIER = com.Tadiwa.TipCalculatorUITests;
				PRODUCT_NAME = "$(TARGET_NAME)";
				SWIFT_VERSION = 5.0;
				TARGETED_DEVICE_FAMILY = "1,2";
				TEST_TARGET_NAME = TipCalculator;
			};
			name = Debug;
		};
		AC876046235412F400AE91B3 /* Release */ = {
			isa = XCBuildConfiguration;
			buildSettings = {
				ALWAYS_EMBED_SWIFT_STANDARD_LIBRARIES = YES;
				CODE_SIGN_STYLE = Automatic;
				DEVELOPMENT_TEAM = T2NHB7667K;
				INFOPLIST_FILE = TipCalculatorUITests/Info.plist;
				LD_RUNPATH_SEARCH_PATHS = (
					"$(inherited)",
					"@executable_path/Frameworks",
					"@loader_path/Frameworks",
				);
				PRODUCT_BUNDLE_IDENTIFIER = com.Tadiwa.TipCalculatorUITests;
				PRODUCT_NAME = "$(TARGET_NAME)";
				SWIFT_VERSION = 5.0;
				TARGETED_DEVICE_FAMILY = "1,2";
				TEST_TARGET_NAME = TipCalculator;
			};
			name = Release;
		};
/* End XCBuildConfiguration section */

/* Begin XCConfigurationList section */
		AC87600F235412F100AE91B3 /* Build configuration list for PBXProject "TipCalculator" */ = {
			isa = XCConfigurationList;
			buildConfigurations = (
				AC87603C235412F400AE91B3 /* Debug */,
				AC87603D235412F400AE91B3 /* Release */,
			);
			defaultConfigurationIsVisible = 0;
			defaultConfigurationName = Release;
		};
		AC87603E235412F400AE91B3 /* Build configuration list for PBXNativeTarget "TipCalculator" */ = {
			isa = XCConfigurationList;
			buildConfigurations = (
				AC87603F235412F400AE91B3 /* Debug */,
				AC876040235412F400AE91B3 /* Release */,
			);
			defaultConfigurationIsVisible = 0;
			defaultConfigurationName = Release;
		};
		AC876041235412F400AE91B3 /* Build configuration list for PBXNativeTarget "TipCalculatorTests" */ = {
			isa = XCConfigurationList;
			buildConfigurations = (
				AC876042235412F400AE91B3 /* Debug */,
				AC876043235412F400AE91B3 /* Release */,
			);
			defaultConfigurationIsVisible = 0;
			defaultConfigurationName = Release;
		};
		AC876044235412F400AE91B3 /* Build configuration list for PBXNativeTarget "TipCalculatorUITests" */ = {
			isa = XCConfigurationList;
			buildConfigurations = (
				AC876045235412F400AE91B3 /* Debug */,
				AC876046235412F400AE91B3 /* Release */,
			);
			defaultConfigurationIsVisible = 0;
			defaultConfigurationName = Release;
		};
/* End XCConfigurationList section */
	};
	rootObject = AC87600C235412F100AE91B3 /* Project object */;
}
